
Microsoft Visual Studio Solution File, Format Version 12.00
# Visual Studio 15
VisualStudioVersion = 15.0.26114.2
MinimumVisualStudioVersion = 10.0.40219.1
Project("{2150E333-8FDC-42A3-9474-1A3956D46DE8}") = "Model", "Model", "{ACEEA3EF-392F-465D-83D1-D78D83C51232}"
EndProject
Project("{FAE04EC0-301F-11D3-BF4B-00C04F79EFBC}") = "GISUtils", "Model\GISUtils\GISUtils.csproj", "{41D291B6-F4EC-4F7A-8658-1D2734C20363}"
EndProject
Project("{FAE04EC0-301F-11D3-BF4B-00C04F79EFBC}") = "KNPElephantLayer", "Model\KNPElephantLayer\KNPElephantLayer.csproj", "{6F8F8952-9712-4352-A8D3-2C984F683CB0}"
EndProject
Project("{FAE04EC0-301F-11D3-BF4B-00C04F79EFBC}") = "KNPMarulaTreeLayer", "Model\KNPMarulaTreeLayer\KNPMarulaTreeLayer.csproj", "{27E13794-8F20-4BA8-ACA9-6A1CA2143F03}"
EndProject
Project("{FAE04EC0-301F-11D3-BF4B-00C04F79EFBC}") = "KNPGISVectorPrecipitationLayer", "Model\KNPGISVectorPrecipitationLayer\KNPGISVectorPrecipitationLayer.csproj", "{F7A3BBDE-0D23-41F7-BD66-AAEC3ADDECC5}"
EndProject
Project("{FAE04EC0-301F-11D3-BF4B-00C04F79EFBC}") = "KNPGISVectorTempLayer", "Model\KNPGISVectorTempLayer\KNPGISVectorTempLayer.csproj", "{97A6A5C5-DE5A-4F26-BDF9-E6BAB5787682}"
EndProject
Project("{FAE04EC0-301F-11D3-BF4B-00C04F79EFBC}") = "KNPGISRasterShadeLayer", "Model\KNPGISRasterShadeLayer\KNPGISRasterShadeLayer.csproj", "{9110A8CD-7DDF-4B4B-BCE1-6A54B354C195}"
EndProject
Project("{FAE04EC0-301F-11D3-BF4B-00C04F79EFBC}") = "KNPGISVectorWaterLayer", "Model\KNPGISVectorWaterLayer\KNPGISVectorWaterLayer.csproj", "{A9A532B5-F0F6-451A-8241-EC5B63F46324}"
EndProject
Project("{FAE04EC0-301F-11D3-BF4B-00C04F79EFBC}") = "KNPGISRasterVegetationLayer", "Model\KNPGISRasterVegetationLayer\KNPGISRasterVegetationLayer.csproj", "{394BCEC0-E60F-46AB-A536-11078C74990C}"
EndProject
Project("{FAE04EC0-301F-11D3-BF4B-00C04F79EFBC}") = "KNPGISRasterFenceLayer", "Model\KNPGISRasterFenceLayer\KNPGISRasterFenceLayer.csproj", "{DE88F0D6-C834-4585-BE47-D26B3AA69A5E}"
EndProject
Project("{FAE04EC0-301F-11D3-BF4B-00C04F79EFBC}") = "KNPGISRasterTempLayer", "Model\KNPGISRasterTempLayer\KNPGISRasterTempLayer.csproj", "{F9AE9410-4BD7-4911-A591-F83F9EB2C04E}"
EndProject
Project("{FAE04EC0-301F-11D3-BF4B-00C04F79EFBC}") = "KNPGISRasterPrecipitationLayer", "Model\KNPGISRasterPrecipitationLayer\KNPGISRasterPrecipitationLayer.csproj", "{7E029919-AA9B-4319-841B-DCD714BE4F10}"
EndProject
Project("{FAE04EC0-301F-11D3-BF4B-00C04F79EFBC}") = "Starter", "Model\Starter\Starter.csproj", "{51129755-AD79-4393-8336-9AFC5E5DC0CE}"
EndProject
Global
	GlobalSection(SolutionConfigurationPlatforms) = preSolution
		Debug|Any CPU = Debug|Any CPU
		Release|Any CPU = Release|Any CPU
	EndGlobalSection
	GlobalSection(ProjectConfigurationPlatforms) = postSolution
		{41D291B6-F4EC-4F7A-8658-1D2734C20363}.Debug|Any CPU.ActiveCfg = Debug|Any CPU
		{41D291B6-F4EC-4F7A-8658-1D2734C20363}.Debug|Any CPU.Build.0 = Debug|Any CPU
		{41D291B6-F4EC-4F7A-8658-1D2734C20363}.Release|Any CPU.ActiveCfg = Release|Any CPU
		{41D291B6-F4EC-4F7A-8658-1D2734C20363}.Release|Any CPU.Build.0 = Release|Any CPU
		{6F8F8952-9712-4352-A8D3-2C984F683CB0}.Debug|Any CPU.ActiveCfg = Debug|Any CPU
		{6F8F8952-9712-4352-A8D3-2C984F683CB0}.Debug|Any CPU.Build.0 = Debug|Any CPU
		{6F8F8952-9712-4352-A8D3-2C984F683CB0}.Release|Any CPU.ActiveCfg = Release|Any CPU
		{6F8F8952-9712-4352-A8D3-2C984F683CB0}.Release|Any CPU.Build.0 = Release|Any CPU
		{27E13794-8F20-4BA8-ACA9-6A1CA2143F03}.Debug|Any CPU.ActiveCfg = Debug|Any CPU
		{27E13794-8F20-4BA8-ACA9-6A1CA2143F03}.Debug|Any CPU.Build.0 = Debug|Any CPU
		{27E13794-8F20-4BA8-ACA9-6A1CA2143F03}.Release|Any CPU.ActiveCfg = Release|Any CPU
		{27E13794-8F20-4BA8-ACA9-6A1CA2143F03}.Release|Any CPU.Build.0 = Release|Any CPU
		{F7A3BBDE-0D23-41F7-BD66-AAEC3ADDECC5}.Debug|Any CPU.ActiveCfg = Debug|Any CPU
		{F7A3BBDE-0D23-41F7-BD66-AAEC3ADDECC5}.Debug|Any CPU.Build.0 = Debug|Any CPU
		{F7A3BBDE-0D23-41F7-BD66-AAEC3ADDECC5}.Release|Any CPU.ActiveCfg = Release|Any CPU
		{F7A3BBDE-0D23-41F7-BD66-AAEC3ADDECC5}.Release|Any CPU.Build.0 = Release|Any CPU
		{97A6A5C5-DE5A-4F26-BDF9-E6BAB5787682}.Debug|Any CPU.ActiveCfg = Debug|Any CPU
		{97A6A5C5-DE5A-4F26-BDF9-E6BAB5787682}.Debug|Any CPU.Build.0 = Debug|Any CPU
		{97A6A5C5-DE5A-4F26-BDF9-E6BAB5787682}.Release|Any CPU.ActiveCfg = Release|Any CPU
		{97A6A5C5-DE5A-4F26-BDF9-E6BAB5787682}.Release|Any CPU.Build.0 = Release|Any CPU
		{9110A8CD-7DDF-4B4B-BCE1-6A54B354C195}.Debug|Any CPU.ActiveCfg = Debug|Any CPU
		{9110A8CD-7DDF-4B4B-BCE1-6A54B354C195}.Debug|Any CPU.Build.0 = Debug|Any CPU
		{9110A8CD-7DDF-4B4B-BCE1-6A54B354C195}.Release|Any CPU.ActiveCfg = Release|Any CPU
		{9110A8CD-7DDF-4B4B-BCE1-6A54B354C195}.Release|Any CPU.Build.0 = Release|Any CPU
		{A9A532B5-F0F6-451A-8241-EC5B63F46324}.Debug|Any CPU.ActiveCfg = Debug|Any CPU
		{A9A532B5-F0F6-451A-8241-EC5B63F46324}.Debug|Any CPU.Build.0 = Debug|Any CPU
		{A9A532B5-F0F6-451A-8241-EC5B63F46324}.Release|Any CPU.ActiveCfg = Release|Any CPU
		{A9A532B5-F0F6-451A-8241-EC5B63F46324}.Release|Any CPU.Build.0 = Release|Any CPU
		{394BCEC0-E60F-46AB-A536-11078C74990C}.Debug|Any CPU.ActiveCfg = Debug|Any CPU
		{394BCEC0-E60F-46AB-A536-11078C74990C}.Debug|Any CPU.Build.0 = Debug|Any CPU
		{394BCEC0-E60F-46AB-A536-11078C74990C}.Release|Any CPU.ActiveCfg = Release|Any CPU
		{394BCEC0-E60F-46AB-A536-11078C74990C}.Release|Any CPU.Build.0 = Release|Any CPU
		{DE88F0D6-C834-4585-BE47-D26B3AA69A5E}.Debug|Any CPU.ActiveCfg = Debug|Any CPU
		{DE88F0D6-C834-4585-BE47-D26B3AA69A5E}.Debug|Any CPU.Build.0 = Debug|Any CPU
		{DE88F0D6-C834-4585-BE47-D26B3AA69A5E}.Release|Any CPU.ActiveCfg = Release|Any CPU
		{DE88F0D6-C834-4585-BE47-D26B3AA69A5E}.Release|Any CPU.Build.0 = Release|Any CPU
		{F9AE9410-4BD7-4911-A591-F83F9EB2C04E}.Debug|Any CPU.ActiveCfg = Debug|Any CPU
		{F9AE9410-4BD7-4911-A591-F83F9EB2C04E}.Debug|Any CPU.Build.0 = Debug|Any CPU
		{F9AE9410-4BD7-4911-A591-F83F9EB2C04E}.Release|Any CPU.ActiveCfg = Release|Any CPU
		{F9AE9410-4BD7-4911-A591-F83F9EB2C04E}.Release|Any CPU.Build.0 = Release|Any CPU
		{7E029919-AA9B-4319-841B-DCD714BE4F10}.Debug|Any CPU.ActiveCfg = Debug|Any CPU
		{7E029919-AA9B-4319-841B-DCD714BE4F10}.Debug|Any CPU.Build.0 = Debug|Any CPU
		{7E029919-AA9B-4319-841B-DCD714BE4F10}.Release|Any CPU.ActiveCfg = Release|Any CPU
		{7E029919-AA9B-4319-841B-DCD714BE4F10}.Release|Any CPU.Build.0 = Release|Any CPU
		{51129755-AD79-4393-8336-9AFC5E5DC0CE}.Debug|Any CPU.ActiveCfg = Debug|Any CPU
		{51129755-AD79-4393-8336-9AFC5E5DC0CE}.Debug|Any CPU.Build.0 = Debug|Any CPU
		{51129755-AD79-4393-8336-9AFC5E5DC0CE}.Release|Any CPU.ActiveCfg = Release|Any CPU
		{51129755-AD79-4393-8336-9AFC5E5DC0CE}.Release|Any CPU.Build.0 = Release|Any CPU
	EndGlobalSection
	GlobalSection(SolutionProperties) = preSolution
		HideSolutionNode = FALSE
	EndGlobalSection
	GlobalSection(NestedProjects) = preSolution
		{41D291B6-F4EC-4F7A-8658-1D2734C20363} = {ACEEA3EF-392F-465D-83D1-D78D83C51232}
		{6F8F8952-9712-4352-A8D3-2C984F683CB0} = {ACEEA3EF-392F-465D-83D1-D78D83C51232}
		{27E13794-8F20-4BA8-ACA9-6A1CA2143F03} = {ACEEA3EF-392F-465D-83D1-D78D83C51232}
		{F7A3BBDE-0D23-41F7-BD66-AAEC3ADDECC5} = {ACEEA3EF-392F-465D-83D1-D78D83C51232}
		{97A6A5C5-DE5A-4F26-BDF9-E6BAB5787682} = {ACEEA3EF-392F-465D-83D1-D78D83C51232}
		{9110A8CD-7DDF-4B4B-BCE1-6A54B354C195} = {ACEEA3EF-392F-465D-83D1-D78D83C51232}
		{A9A532B5-F0F6-451A-8241-EC5B63F46324} = {ACEEA3EF-392F-465D-83D1-D78D83C51232}
		{394BCEC0-E60F-46AB-A536-11078C74990C} = {ACEEA3EF-392F-465D-83D1-D78D83C51232}
		{DE88F0D6-C834-4585-BE47-D26B3AA69A5E} = {ACEEA3EF-392F-465D-83D1-D78D83C51232}
		{F9AE9410-4BD7-4911-A591-F83F9EB2C04E} = {ACEEA3EF-392F-465D-83D1-D78D83C51232}
		{7E029919-AA9B-4319-841B-DCD714BE4F10} = {ACEEA3EF-392F-465D-83D1-D78D83C51232}
	EndGlobalSection
EndGlobal
